
Microsoft Visual Studio Solution File, Format Version 12.00
# Visual Studio 15
VisualStudioVersion = 15.0.27130.2036
MinimumVisualStudioVersion = 10.0.40219.1
Project("{9A19103F-16F7-4668-BE54-9A1E7A4F7556}") = "Csi.Plugins.AzureFile.Tests.Scenarios.K8s", "tests\Csi.Plugins.AzureFile.Tests.Scenarios.K8s\Csi.Plugins.AzureFile.Tests.Scenarios.K8s.csproj", "{7BB7F9C1-0839-41D9-806B-020FF22680E7}"
EndProject
Project("{9A19103F-16F7-4668-BE54-9A1E7A4F7556}") = "Csi.Plugins.AzureFile.Tests.Scenarios.LocalNode", "tests\Csi.Plugins.AzureFile.Tests.Scenarios.LocalNode\Csi.Plugins.AzureFile.Tests.Scenarios.LocalNode.csproj", "{293DA3F0-EEA8-4036-B484-288A49C86C71}"
EndProject
Global
	GlobalSection(SolutionConfigurationPlatforms) = preSolution
		Debug|Any CPU = Debug|Any CPU
		Release|Any CPU = Release|Any CPU
	EndGlobalSection
	GlobalSection(ProjectConfigurationPlatforms) = postSolution
		{7BB7F9C1-0839-41D9-806B-020FF22680E7}.Debug|Any CPU.ActiveCfg = Debug|Any CPU
		{7BB7F9C1-0839-41D9-806B-020FF22680E7}.Debug|Any CPU.Build.0 = Debug|Any CPU
		{7BB7F9C1-0839-41D9-806B-020FF22680E7}.Release|Any CPU.ActiveCfg = Release|Any CPU
		{7BB7F9C1-0839-41D9-806B-020FF22680E7}.Release|Any CPU.Build.0 = Release|Any CPU
		{293DA3F0-EEA8-4036-B484-288A49C86C71}.Debug|Any CPU.ActiveCfg = Debug|Any CPU
		{293DA3F0-EEA8-4036-B484-288A49C86C71}.Debug|Any CPU.Build.0 = Debug|Any CPU
		{293DA3F0-EEA8-4036-B484-288A49C86C71}.Release|Any CPU.ActiveCfg = Release|Any CPU
		{293DA3F0-EEA8-4036-B484-288A49C86C71}.Release|Any CPU.Build.0 = Release|Any CPU
	EndGlobalSection
	GlobalSection(SolutionProperties) = preSolution
		HideSolutionNode = FALSE
	EndGlobalSection
	GlobalSection(ExtensibilityGlobals) = postSolution
		SolutionGuid = {C9E389F0-D5C7-44F3-A8BD-3ADE30BBC62E}
	EndGlobalSection
EndGlobal
